
Microsoft Visual Studio Solution File, Format Version 12.00
Project("{2150E333-8FDC-42A3-9474-1A3956D46DE8}") = "Tests", "Tests", "{D67B3697-E0DD-4ABD-83E7-484D39EF70E2}"
EndProject
Project("{FAE04EC0-301F-11D3-BF4B-00C04F79EFBC}") = "Centaurus", "Centaurus\Centaurus.csproj", "{F24E95AD-D566-4857-9F41-BA4353BBC767}"
EndProject
Project("{FAE04EC0-301F-11D3-BF4B-00C04F79EFBC}") = "Centaurus.Tests", "Centaurus.Tests\Centaurus.Tests.csproj", "{855D7FAE-3A16-4138-BB51-4484FEC88C7A}"
EndProject
Global
	GlobalSection(SolutionConfigurationPlatforms) = preSolution
		Debug|Any CPU = Debug|Any CPU
		Release|Any CPU = Release|Any CPU
	EndGlobalSection
	GlobalSection(ProjectConfigurationPlatforms) = postSolution
		{F24E95AD-D566-4857-9F41-BA4353BBC767}.Debug|Any CPU.ActiveCfg = Debug|Any CPU
		{F24E95AD-D566-4857-9F41-BA4353BBC767}.Debug|Any CPU.Build.0 = Debug|Any CPU
		{F24E95AD-D566-4857-9F41-BA4353BBC767}.Release|Any CPU.ActiveCfg = Release|Any CPU
		{F24E95AD-D566-4857-9F41-BA4353BBC767}.Release|Any CPU.Build.0 = Release|Any CPU
		{855D7FAE-3A16-4138-BB51-4484FEC88C7A}.Debug|Any CPU.ActiveCfg = Debug|Any CPU
		{855D7FAE-3A16-4138-BB51-4484FEC88C7A}.Debug|Any CPU.Build.0 = Debug|Any CPU
		{855D7FAE-3A16-4138-BB51-4484FEC88C7A}.Release|Any CPU.ActiveCfg = Release|Any CPU
		{855D7FAE-3A16-4138-BB51-4484FEC88C7A}.Release|Any CPU.Build.0 = Release|Any CPU
	EndGlobalSection
	GlobalSection(NestedProjects) = preSolution
		{855D7FAE-3A16-4138-BB51-4484FEC88C7A} = {D67B3697-E0DD-4ABD-83E7-484D39EF70E2}
	EndGlobalSection
EndGlobal
